<?xml version="1.0" encoding="utf-8"?>
<Project ToolsVersion="4.0" xmlns="http://schemas.microsoft.com/developer/msbuild/2003">
  <ItemGroup>
    <Filter Include="Source Files">
      <UniqueIdentifier>{4FC737F1-C7A5-4376-A066-2A32D752A2FF}</UniqueIdentifier>
      <Extensions>cpp;c;cc;cxx;c++;cppm;ixx;def;odl;idl;hpj;bat;asm;asmx</Extensions>
    </Filter>
    <Filter Include="Header Files">
      <UniqueIdentifier>{93995380-89BD-4b04-88EB-625FBE52EBFB}</UniqueIdentifier>
      <Extensions>h;hh;hpp;hxx;h++;hm;inl;inc;ipp;xsd</Extensions>
    </Filter>
    <Filter Include="Resource Files">
      <UniqueIdentifier>{67DA6AB6-F800-4c08-8B7A-83BB121AAD01}</UniqueIdentifier>
      <Extensions>rc;ico;cur;bmp;dlg;rc2;rct;bin;rgs;gif;jpg;jpeg;jpe;resx;tiff;tif;png;wav;mfcribbon-ms</Extensions>
    </Filter>
    <Filter Include="Source Files\Components">
      <UniqueIdentifier>{3dcc3ad0-d889-4f41-8a13-090f1dcc72e3}</UniqueIdentifier>
    </Filter>
    <Filter Include="Source Files\Objects">
      <UniqueIdentifier>{dc6c2739-122e-4355-9e73-452a3291db9c}</UniqueIdentifier>
    </Filter>
    <Filter Include="Header Files\Components">
      <UniqueIdentifier>{20076eec-d220-417a-a422-f11131d378b7}</UniqueIdentifier>
    </Filter>
    <Filter Include="Header Files\Objects">
      <UniqueIdentifier>{47b900f9-86c3-4774-aaaa-cdef7ca26a40}</UniqueIdentifier>
    </Filter>
    <Filter Include="Source Files\Core">
      <UniqueIdentifier>{bf7aa6f1-0307-473c-a0d5-a4efbf01b161}</UniqueIdentifier>
    </Filter>
    <Filter Include="Source Files\Core\Physics">
      <UniqueIdentifier>{858fdcb8-e5f7-4e9e-a2c1-582ad3172e88}</UniqueIdentifier>
    </Filter>
    <Filter Include="Header Files\Core">
      <UniqueIdentifier>{bdbd4510-438b-417e-9aef-144c84cdd452}</UniqueIdentifier>
    </Filter>
    <Filter Include="Header Files\Core\Physics">
      <UniqueIdentifier>{560826f1-2e5b-467d-8c64-0c6232d3f15e}</UniqueIdentifier>
    </Filter>
    <Filter Include="Source Files\Core\Physics\Forces">
      <UniqueIdentifier>{5839a619-e16b-4e34-835b-36a74fad7ed6}</UniqueIdentifier>
    </Filter>
    <Filter Include="Header Files\Core\Physics\Forces">
      <UniqueIdentifier>{5f7053a8-0c2f-42c2-9d60-4daed63c6e27}</UniqueIdentifier>
    </Filter>
    <Filter Include="Header Files\ImGUI">
      <UniqueIdentifier>{146228a9-3c12-4bb9-afe7-18fda5dfbcc8}</UniqueIdentifier>
    </Filter>
    <Filter Include="Source Files\ImGui">
      <UniqueIdentifier>{75ba2098-800c-44fb-b4bb-a2c8f76510b0}</UniqueIdentifier>
    </Filter>
    <Filter Include="Source Files\Core\Editor">
      <UniqueIdentifier>{7a84e5bf-bcc6-47a6-8ffa-2be7488eac7d}</UniqueIdentifier>
    </Filter>
    <Filter Include="Header Files\Core\Editor">
      <UniqueIdentifier>{0ade9593-5143-4ead-ae44-e9081889c66c}</UniqueIdentifier>
    </Filter>
    <Filter Include="Header Files\Core\Editor\Windows">
      <UniqueIdentifier>{0687b535-0823-422c-8974-11c2edbf6220}</UniqueIdentifier>
    </Filter>
    <Filter Include="Source Files\Core\Editor\Windows">
      <UniqueIdentifier>{6770e569-9613-4472-9c44-87c45af5979d}</UniqueIdentifier>
    </Filter>
    <Filter Include="Header Files\Core\Physics\Collision">
      <UniqueIdentifier>{105493c5-a704-470f-b288-276d1393bf8c}</UniqueIdentifier>
    </Filter>
    <Filter Include="Source Files\Core\Physics\Collision">
      <UniqueIdentifier>{c6559538-3c53-4289-bd19-93ee607f1486}</UniqueIdentifier>
    </Filter>
    <Filter Include="Header Files\Core\Physics\Constraint">
      <UniqueIdentifier>{b7297caa-da43-45f2-b5ef-649fd90c44b8}</UniqueIdentifier>
    </Filter>
    <Filter Include="Source Files\Core\Physics\Constraint">
      <UniqueIdentifier>{5bac7b16-8d8d-498c-92b3-e242da6d18ce}</UniqueIdentifier>
    </Filter>
    <Filter Include="Header Files\Core\Rendering">
      <UniqueIdentifier>{f7858f0a-49b0-4428-b3df-f1d6da857534}</UniqueIdentifier>
    </Filter>
    <Filter Include="Source Files\Core\Rendering">
      <UniqueIdentifier>{f5fd0333-9038-41c6-aa29-d23c8a99fd1b}</UniqueIdentifier>
    </Filter>
    <Filter Include="Header Files\Core\Physics\Constraint\PGSConstraint">
      <UniqueIdentifier>{fcb85b17-660a-4f28-ae94-e71e3125c5ed}</UniqueIdentifier>
    </Filter>
    <Filter Include="Header Files\Core\Physics\Constraint\XPBDConstraint">
      <UniqueIdentifier>{3370492a-07c4-4d0c-a4eb-bb5e92ba89a2}</UniqueIdentifier>
    </Filter>
    <Filter Include="Source Files\Core\Physics\Constraint\PGSConstraint">
      <UniqueIdentifier>{9d9423b9-080e-48d3-8df7-63a7c292d92e}</UniqueIdentifier>
    </Filter>
    <Filter Include="Source Files\Core\Physics\Constraint\XPBDConstraint">
      <UniqueIdentifier>{7128dff6-fcec-4fab-b22c-1f8a2efc75ce}</UniqueIdentifier>
    </Filter>
    <Filter Include="Source Files\Core\Files">
      <UniqueIdentifier>{19dfdfdc-8ca6-4248-a340-3ea0c09c9bde}</UniqueIdentifier>
    </Filter>
    <Filter Include="Header Files\Core\Files">
      <UniqueIdentifier>{efdc15a2-d85e-4332-ab46-b6414ed84723}</UniqueIdentifier>
    </Filter>
  </ItemGroup>
  <ItemGroup>
    <ClCompile Include="main.cpp">
      <Filter>Source Files</Filter>
    </ClCompile>
    <ClCompile Include="stb_image.cpp">
      <Filter>Source Files</Filter>
    </ClCompile>
    <ClCompile Include="imgui\imgui.cpp">
      <Filter>Source Files\ImGui</Filter>
    </ClCompile>
    <ClCompile Include="imgui\imgui_demo.cpp">
      <Filter>Source Files\ImGui</Filter>
    </ClCompile>
    <ClCompile Include="imgui\imgui_draw.cpp">
      <Filter>Source Files\ImGui</Filter>
    </ClCompile>
    <ClCompile Include="imgui\imgui_impl_glfw.cpp">
      <Filter>Source Files\ImGui</Filter>
    </ClCompile>
    <ClCompile Include="imgui\imgui_impl_opengl3.cpp">
      <Filter>Source Files\ImGui</Filter>
    </ClCompile>
    <ClCompile Include="imgui\imgui_tables.cpp">
      <Filter>Source Files\ImGui</Filter>
    </ClCompile>
    <ClCompile Include="imgui\imgui_widgets.cpp">
      <Filter>Source Files\ImGui</Filter>
    </ClCompile>
    <ClCompile Include="imgui\ImGuiFileDialog.cpp">
      <Filter>Source Files\ImGui</Filter>
    </ClCompile>
    <ClCompile Include="imgui\implot.cpp">
      <Filter>Source Files\ImGui</Filter>
    </ClCompile>
    <ClCompile Include="imgui\implot_demo.cpp">
      <Filter>Source Files\ImGui</Filter>
    </ClCompile>
    <ClCompile Include="imgui\implot_items.cpp">
      <Filter>Source Files\ImGui</Filter>
    </ClCompile>
    <ClCompile Include="Source Files\Components\CollisionComponent.cpp">
      <Filter>Source Files</Filter>
    </ClCompile>
    <ClCompile Include="Source Files\Components\Component.cpp">
      <Filter>Source Files</Filter>
    </ClCompile>
    <ClCompile Include="Source Files\Components\ComponentTypeID.cpp">
      <Filter>Source Files</Filter>
    </ClCompile>
    <ClCompile Include="Source Files\Components\ConstraintComponent.cpp">
      <Filter>Source Files</Filter>
    </ClCompile>
    <ClCompile Include="Source Files\Components\FluidComponent.cpp">
      <Filter>Source Files</Filter>
    </ClCompile>
    <ClCompile Include="Source Files\Components\FractureComponent.cpp">
      <Filter>Source Files</Filter>
    </ClCompile>
    <ClCompile Include="Source Files\Components\MouseInteractComponent.cpp">
      <Filter>Source Files</Filter>
    </ClCompile>
    <ClCompile Include="Source Files\Components\RenderComponent.cpp">
      <Filter>Source Files</Filter>
    </ClCompile>
    <ClCompile Include="Source Files\Components\RigidBodyComponent.cpp">
      <Filter>Source Files</Filter>
    </ClCompile>
    <ClCompile Include="Source Files\Components\SoftBodyComponent.cpp">
      <Filter>Source Files</Filter>
    </ClCompile>
    <ClCompile Include="Source Files\Components\TransformComponent.cpp">
      <Filter>Source Files</Filter>
    </ClCompile>
    <ClCompile Include="Source Files\Components\VertexComponent.cpp">
      <Filter>Source Files</Filter>
    </ClCompile>
    <ClCompile Include="Source Files\Core\Editor\Windows\AddObjectWindow.cpp">
      <Filter>Source Files</Filter>
    </ClCompile>
    <ClCompile Include="Source Files\Core\Editor\Windows\Console.cpp">
      <Filter>Source Files</Filter>
    </ClCompile>
    <ClCompile Include="Source Files\Core\Editor\Windows\EngineProfiler.cpp">
      <Filter>Source Files</Filter>
    </ClCompile>
    <ClCompile Include="Source Files\Core\Editor\Windows\EngineStatus.cpp">
      <Filter>Source Files</Filter>
    </ClCompile>
    <ClCompile Include="Source Files\Core\Editor\Windows\FileSystem.cpp">
      <Filter>Source Files</Filter>
    </ClCompile>
    <ClCompile Include="Source Files\Core\Editor\Windows\Hierarchy.cpp">
      <Filter>Source Files</Filter>
    </ClCompile>
    <ClCompile Include="Source Files\Core\Editor\Windows\Inspector.cpp">
      <Filter>Source Files</Filter>
    </ClCompile>
    <ClCompile Include="Source Files\Core\Editor\EditorManager.cpp">
      <Filter>Source Files</Filter>
    </ClCompile>
    <ClCompile Include="Source Files\Core\Editor\EditorWindow.cpp">
      <Filter>Source Files</Filter>
    </ClCompile>
    <ClCompile Include="Source Files\Core\Editor\Gizmos.cpp">
      <Filter>Source Files</Filter>
    </ClCompile>
    <ClCompile Include="Source Files\Core\Editor\InfiniteGrid.cpp">
      <Filter>Source Files</Filter>
    </ClCompile>
    <ClCompile Include="Source Files\Core\Files\BinaryReader.cpp">
      <Filter>Source Files</Filter>
    </ClCompile>
    <ClCompile Include="Source Files\Core\Files\BinaryWriter.cpp">
      <Filter>Source Files</Filter>
    </ClCompile>
    <ClCompile Include="Source Files\Core\Files\FileDialog.cpp">
      <Filter>Source Files</Filter>
    </ClCompile>
    <ClCompile Include="Source Files\Core\Files\FileManager.cpp">
      <Filter>Source Files</Filter>
    </ClCompile>
    <ClCompile Include="Source Files\Core\Files\ProjectLauncher.cpp">
      <Filter>Source Files</Filter>
    </ClCompile>
    <ClCompile Include="Source Files\Core\Physics\Collision\BAHNode.cpp">
      <Filter>Source Files</Filter>
    </ClCompile>
    <ClCompile Include="Source Files\Core\Physics\Collision\BoundingCircle.cpp">
      <Filter>Source Files</Filter>
    </ClCompile>
    <ClCompile Include="Source Files\Core\Physics\Collision\DebugCircle.cpp">
      <Filter>Source Files</Filter>
    </ClCompile>
    <ClCompile Include="Source Files\Core\Physics\Collision\DebugPoint.cpp">
      <Filter>Source Files</Filter>
    </ClCompile>
    <ClCompile Include="Source Files\Core\Physics\Collision\SpatialHashGrid.cpp">
      <Filter>Source Files</Filter>
    </ClCompile>
    <ClCompile Include="Source Files\Core\Physics\Constraint\PGSConstraint\Constraint.cpp">
      <Filter>Source Files</Filter>
    </ClCompile>
    <ClCompile Include="Source Files\Core\Physics\Constraint\PGSConstraint\ContactConstraint.cpp">
      <Filter>Source Files</Filter>
    </ClCompile>
    <ClCompile Include="Source Files\Core\Physics\Constraint\PGSConstraint\DistanceConstraint.cpp">
      <Filter>Source Files</Filter>
    </ClCompile>
    <ClCompile Include="Source Files\Core\Physics\Constraint\PGSConstraint\PrismaticConstraint.cpp">
      <Filter>Source Files</Filter>
    </ClCompile>
    <ClCompile Include="Source Files\Core\Physics\Constraint\PGSConstraint\RevoluteConstraint.cpp">
      <Filter>Source Files</Filter>
    </ClCompile>
    <ClCompile Include="Source Files\Core\Physics\Constraint\PGSConstraint\SpringConstraint.cpp">
      <Filter>Source Files</Filter>
    </ClCompile>
    <ClCompile Include="Source Files\Core\Physics\Constraint\PGSConstraint\WeldConstraint.cpp">
      <Filter>Source Files</Filter>
    </ClCompile>
    <ClCompile Include="Source Files\Core\Physics\Constraint\XPBDConstraint\XPBDAreaConstraint.cpp">
      <Filter>Source Files</Filter>
    </ClCompile>
    <ClCompile Include="Source Files\Core\Physics\Constraint\XPBDConstraint\XPBDConstraint.cpp">
      <Filter>Source Files</Filter>
    </ClCompile>
    <ClCompile Include="Source Files\Core\Physics\Constraint\XPBDConstraint\XPBDContactConstraint.cpp">
      <Filter>Source Files</Filter>
    </ClCompile>
    <ClCompile Include="Source Files\Core\Physics\Constraint\XPBDConstraint\XPBDDistanceConstraint.cpp">
      <Filter>Source Files</Filter>
    </ClCompile>
    <ClCompile Include="Source Files\Core\Physics\Constraint\XPBDConstraint\XPBDProxyPointConstraint.cpp">
      <Filter>Source Files</Filter>
    </ClCompile>
    <ClCompile Include="Source Files\Core\Physics\Constraint\XPBDConstraint\XPBDTriAreaConstraint.cpp">
      <Filter>Source Files</Filter>
    </ClCompile>
    <ClCompile Include="Source Files\Core\Physics\Forces\ForceGenerator.cpp">
      <Filter>Source Files</Filter>
    </ClCompile>
    <ClCompile Include="Source Files\Core\Physics\Forces\MouseDrag.cpp">
      <Filter>Source Files</Filter>
    </ClCompile>
    <ClCompile Include="Source Files\Core\Physics\PhysicsEngine.cpp">
      <Filter>Source Files</Filter>
    </ClCompile>
    <ClCompile Include="Source Files\Core\Rendering\Renderer.cpp">
      <Filter>Source Files</Filter>
    </ClCompile>
    <ClCompile Include="Source Files\Core\Rendering\Shader.cpp">
      <Filter>Source Files</Filter>
    </ClCompile>
    <ClCompile Include="Source Files\Core\Camera.cpp">
      <Filter>Source Files</Filter>
    </ClCompile>
    <ClCompile Include="Source Files\Core\EngineManager.cpp">
      <Filter>Source Files</Filter>
    </ClCompile>
    <ClCompile Include="Source Files\Core\InputManager.cpp">
      <Filter>Source Files</Filter>
    </ClCompile>
    <ClCompile Include="Source Files\Core\ObjectManager.cpp">
      <Filter>Source Files</Filter>
    </ClCompile>
    <ClCompile Include="Source Files\Objects\Box.cpp">
      <Filter>Source Files</Filter>
    </ClCompile>
    <ClCompile Include="Source Files\Objects\Circle.cpp">
      <Filter>Source Files</Filter>
    </ClCompile>
    <ClCompile Include="Source Files\Objects\Object.cpp">
      <Filter>Source Files</Filter>
    </ClCompile>
    <ClCompile Include="Source Files\Objects\PointMass.cpp">
      <Filter>Source Files</Filter>
    </ClCompile>
    <ClCompile Include="Source Files\Objects\Polygon.cpp">
      <Filter>Source Files</Filter>
    </ClCompile>
    <ClCompile Include="Source Files\Objects\VertexPoint.cpp">
      <Filter>Source Files</Filter>
    </ClCompile>
    <ClCompile Include="glad.c">
      <Filter>Source Files</Filter>
    </ClCompile>
  </ItemGroup>
  <ItemGroup>
    <ClInclude Include="stb_image.h">
      <Filter>Header Files</Filter>
    </ClInclude>
    <ClInclude Include="imgui\imconfig.h">
      <Filter>Header Files\ImGUI</Filter>
    </ClInclude>
    <ClInclude Include="imgui\imgui.h">
      <Filter>Header Files\ImGUI</Filter>
    </ClInclude>
    <ClInclude Include="imgui\imgui_impl_glfw.h">
      <Filter>Header Files\ImGUI</Filter>
    </ClInclude>
    <ClInclude Include="imgui\imgui_impl_opengl3.h">
      <Filter>Header Files\ImGUI</Filter>
    </ClInclude>
    <ClInclude Include="imgui\imgui_impl_opengl3_loader.h">
      <Filter>Header Files\ImGUI</Filter>
    </ClInclude>
    <ClInclude Include="imgui\imgui_internal.h">
      <Filter>Header Files\ImGUI</Filter>
    </ClInclude>
    <ClInclude Include="imgui\imstb_rectpack.h">
      <Filter>Header Files\ImGUI</Filter>
    </ClInclude>
    <ClInclude Include="imgui\imstb_textedit.h">
      <Filter>Header Files\ImGUI</Filter>
    </ClInclude>
    <ClInclude Include="imgui\imstb_truetype.h">
      <Filter>Header Files\ImGUI</Filter>
    </ClInclude>
    <ClInclude Include="imgui\ImGuiFileDialog.h">
      <Filter>Header Files\ImGUI</Filter>
    </ClInclude>
    <ClInclude Include="imgui\ImGuiFileDialogConfig.h">
      <Filter>Header Files\ImGUI</Filter>
    </ClInclude>
    <ClInclude Include="imgui\dirent.h">
      <Filter>Header Files\ImGUI</Filter>
    </ClInclude>
    <ClInclude Include="resource.h">
      <Filter>Header Files</Filter>
    </ClInclude>
    <ClInclude Include="imgui\implot.h">
      <Filter>Header Files\ImGUI</Filter>
    </ClInclude>
    <ClInclude Include="imgui\implot_internal.h">
      <Filter>Header Files\ImGUI</Filter>
    </ClInclude>
    <ClInclude Include="Header Files\Components\CollisionComponent.h">
      <Filter>Header Files</Filter>
    </ClInclude>
    <ClInclude Include="Header Files\Components\Component.h">
      <Filter>Header Files</Filter>
    </ClInclude>
    <ClInclude Include="Header Files\Components\Components.h">
      <Filter>Header Files</Filter>
    </ClInclude>
    <ClInclude Include="Header Files\Components\ComponentTypeID.h">
      <Filter>Header Files</Filter>
    </ClInclude>
    <ClInclude Include="Header Files\Components\ConstraintComponent.h">
      <Filter>Header Files</Filter>
    </ClInclude>
    <ClInclude Include="Header Files\Components\FluidComponent.h">
      <Filter>Header Files</Filter>
    </ClInclude>
    <ClInclude Include="Header Files\Components\FractureComponent.h">
      <Filter>Header Files</Filter>
    </ClInclude>
    <ClInclude Include="Header Files\Components\MouseInteractComponent.h">
      <Filter>Header Files</Filter>
    </ClInclude>
    <ClInclude Include="Header Files\Components\RenderComponent.h">
      <Filter>Header Files</Filter>
    </ClInclude>
    <ClInclude Include="Header Files\Components\RigidBodyComponent.h">
      <Filter>Header Files</Filter>
    </ClInclude>
    <ClInclude Include="Header Files\Components\SoftBodyComponent.h">
      <Filter>Header Files</Filter>
    </ClInclude>
    <ClInclude Include="Header Files\Components\TransformComponent.h">
      <Filter>Header Files</Filter>
    </ClInclude>
    <ClInclude Include="Header Files\Components\VertexComponent.h">
      <Filter>Header Files</Filter>
    </ClInclude>
    <ClInclude Include="Header Files\Core\Editor\Windows\AddObjectWindow.h">
      <Filter>Header Files</Filter>
    </ClInclude>
    <ClInclude Include="Header Files\Core\Editor\Windows\Console.h">
      <Filter>Header Files</Filter>
    </ClInclude>
    <ClInclude Include="Header Files\Core\Editor\Windows\EngineProfiler.h">
      <Filter>Header Files</Filter>
    </ClInclude>
    <ClInclude Include="Header Files\Core\Editor\Windows\EngineStatus.h">
      <Filter>Header Files</Filter>
    </ClInclude>
    <ClInclude Include="Header Files\Core\Editor\Windows\FileSystem.h">
      <Filter>Header Files</Filter>
    </ClInclude>
    <ClInclude Include="Header Files\Core\Editor\Windows\Hierarchy.h">
      <Filter>Header Files</Filter>
    </ClInclude>
    <ClInclude Include="Header Files\Core\Editor\Windows\Inspector.h">
      <Filter>Header Files</Filter>
    </ClInclude>
    <ClInclude Include="Header Files\Core\Editor\EditorManager.h">
      <Filter>Header Files</Filter>
    </ClInclude>
    <ClInclude Include="Header Files\Core\Editor\EditorWindow.h">
      <Filter>Header Files</Filter>
    </ClInclude>
    <ClInclude Include="Header Files\Core\Editor\Gizmos.h">
      <Filter>Header Files</Filter>
    </ClInclude>
    <ClInclude Include="Header Files\Core\Editor\InfiniteGrid.h">
      <Filter>Header Files</Filter>
    </ClInclude>
    <ClInclude Include="Header Files\Core\Files\BinaryReader.h">
      <Filter>Header Files</Filter>
    </ClInclude>
    <ClInclude Include="Header Files\Core\Files\BinaryWriter.h">
      <Filter>Header Files</Filter>
    </ClInclude>
    <ClInclude Include="Header Files\Core\Files\FileDialog.h">
      <Filter>Header Files</Filter>
    </ClInclude>
    <ClInclude Include="Header Files\Core\Files\FileManager.h">
      <Filter>Header Files</Filter>
    </ClInclude>
    <ClInclude Include="Header Files\Core\Files\ProjectLauncher.h">
      <Filter>Header Files</Filter>
    </ClInclude>
    <ClInclude Include="Header Files\Core\Physics\Collision\BAHNode.h">
      <Filter>Header Files</Filter>
    </ClInclude>
    <ClInclude Include="Header Files\Core\Physics\Collision\BoundingCircle.h">
      <Filter>Header Files</Filter>
    </ClInclude>
    <ClInclude Include="Header Files\Core\Physics\Collision\CollisionLayerMask.h">
      <Filter>Header Files</Filter>
    </ClInclude>
    <ClInclude Include="Header Files\Core\Physics\Collision\ContactID.h">
      <Filter>Header Files</Filter>
    </ClInclude>
    <ClInclude Include="Header Files\Core\Physics\Collision\DebugCircle.h">
      <Filter>Header Files</Filter>
    </ClInclude>
    <ClInclude Include="Header Files\Core\Physics\Collision\DebugPoint.h">
      <Filter>Header Files</Filter>
    </ClInclude>
    <ClInclude Include="Header Files\Core\Physics\Collision\SpatialHashGrid.h">
      <Filter>Header Files</Filter>
    </ClInclude>
    <ClInclude Include="Header Files\Core\Physics\Constraint\PGSConstraint\Constraint.h">
      <Filter>Header Files</Filter>
    </ClInclude>
    <ClInclude Include="Header Files\Core\Physics\Constraint\PGSConstraint\Constraints.h">
      <Filter>Header Files</Filter>
    </ClInclude>
    <ClInclude Include="Header Files\Core\Physics\Constraint\PGSConstraint\ContactConstraint.h">
      <Filter>Header Files</Filter>
    </ClInclude>
    <ClInclude Include="Header Files\Core\Physics\Constraint\PGSConstraint\DistanceConstraint.h">
      <Filter>Header Files</Filter>
    </ClInclude>
    <ClInclude Include="Header Files\Core\Physics\Constraint\PGSConstraint\PrismaticConstraint.h">
      <Filter>Header Files</Filter>
    </ClInclude>
    <ClInclude Include="Header Files\Core\Physics\Constraint\PGSConstraint\RevoluteConstraint.h">
      <Filter>Header Files</Filter>
    </ClInclude>
    <ClInclude Include="Header Files\Core\Physics\Constraint\PGSConstraint\SpringConstraint.h">
      <Filter>Header Files</Filter>
    </ClInclude>
    <ClInclude Include="Header Files\Core\Physics\Constraint\PGSConstraint\WeldConstraint.h">
      <Filter>Header Files</Filter>
    </ClInclude>
    <ClInclude Include="Header Files\Core\Physics\Constraint\XPBDConstraint\XPBDAreaConstraint.h">
      <Filter>Header Files</Filter>
    </ClInclude>
    <ClInclude Include="Header Files\Core\Physics\Constraint\XPBDConstraint\XPBDConstraint.h">
      <Filter>Header Files</Filter>
    </ClInclude>
    <ClInclude Include="Header Files\Core\Physics\Constraint\XPBDConstraint\XPBDContactConstraint.h">
      <Filter>Header Files</Filter>
    </ClInclude>
    <ClInclude Include="Header Files\Core\Physics\Constraint\XPBDConstraint\XPBDDistanceConstraint.h">
      <Filter>Header Files</Filter>
    </ClInclude>
    <ClInclude Include="Header Files\Core\Physics\Constraint\XPBDConstraint\XPBDProxyPointConstraint.h">
      <Filter>Header Files</Filter>
    </ClInclude>
    <ClInclude Include="Header Files\Core\Physics\Constraint\XPBDConstraint\XPBDTriAreaConstraint.h">
      <Filter>Header Files</Filter>
    </ClInclude>
    <ClInclude Include="Header Files\Core\Physics\Forces\ForceGenerator.h">
      <Filter>Header Files</Filter>
    </ClInclude>
    <ClInclude Include="Header Files\Core\Physics\Forces\MouseDrag.h">
      <Filter>Header Files</Filter>
    </ClInclude>
    <ClInclude Include="Header Files\Core\Physics\PhysicsBody.h">
      <Filter>Header Files</Filter>
    </ClInclude>
    <ClInclude Include="Header Files\Core\Physics\PhysicsEngine.h">
      <Filter>Header Files</Filter>
    </ClInclude>
    <ClInclude Include="Header Files\Core\Rendering\Renderer.h">
      <Filter>Header Files</Filter>
    </ClInclude>
    <ClInclude Include="Header Files\Core\Rendering\Shader.h">
      <Filter>Header Files</Filter>
    </ClInclude>
    <ClInclude Include="Header Files\Core\Camera.h">
      <Filter>Header Files</Filter>
    </ClInclude>
    <ClInclude Include="Header Files\Core\DebugTimer.h">
      <Filter>Header Files</Filter>
    </ClInclude>
    <ClInclude Include="Header Files\Core\EngineManager.h">
      <Filter>Header Files</Filter>
    </ClInclude>
    <ClInclude Include="Header Files\Core\InputManager.h">
      <Filter>Header Files</Filter>
    </ClInclude>
    <ClInclude Include="Header Files\Core\ObjectManager.h">
      <Filter>Header Files</Filter>
    </ClInclude>
    <ClInclude Include="Header Files\Objects\Box.h">
      <Filter>Header Files</Filter>
    </ClInclude>
    <ClInclude Include="Header Files\Objects\Circle.h">
      <Filter>Header Files</Filter>
    </ClInclude>
    <ClInclude Include="Header Files\Objects\Object.h">
      <Filter>Header Files</Filter>
    </ClInclude>
    <ClInclude Include="Header Files\Objects\PointMass.h">
      <Filter>Header Files</Filter>
    </ClInclude>
    <ClInclude Include="Header Files\Objects\Polygon.h">
      <Filter>Header Files</Filter>
    </ClInclude>
    <ClInclude Include="Header Files\Objects\VertexPoint.h">
      <Filter>Header Files</Filter>
    </ClInclude>
  </ItemGroup>
  <ItemGroup>
    <ResourceCompile Include="GameEngine.rc">
      <Filter>Resource Files</Filter>
    </ResourceCompile>
  </ItemGroup>
  <ItemGroup>
    <Image Include="Resources\Images\engineIcon.ico">
      <Filter>Resource Files</Filter>
    </Image>
    <Image Include="Resources\Images\engineIcon.png">
      <Filter>Resource Files</Filter>
    </Image>
  </ItemGroup>
  <ItemGroup>
    <Text Include="Resources\Shaders\fragment.txt" />
    <Text Include="Resources\Shaders\grid_fragment.txt" />
    <Text Include="Resources\Shaders\grid_vertex.txt" />
    <Text Include="Resources\Shaders\vertex.txt" />
  </ItemGroup>
  <ItemGroup>
    <None Include=".gitattributes" />
    <None Include=".gitignore" />
    <None Include="GameEngine.slnx" />
    <None Include="imgui.ini" />
  </ItemGroup>
</Project>